// !$*UTF8*$!
{
	archiveVersion = 1;
	classes = {
	};
	objectVersion = 45;
	objects = {

/* Begin PBXBuildFile section */
		1DDD582C0DA1D0D100B32029 /* MyDocument.xib in Resources */ = {isa = PBXBuildFile; fileRef = 1DDD58280DA1D0D100B32029 /* MyDocument.xib */; };
		1DDD582D0DA1D0D100B32029 /* MainMenu.xib in Resources */ = {isa = PBXBuildFile; fileRef = 1DDD582A0DA1D0D100B32029 /* MainMenu.xib */; };
		5582E6B51162F62A00520F69 /* Ay_Apu.cpp in Sources */ = {isa = PBXBuildFile; fileRef = 5582E5BE1162F62900520F69 /* Ay_Apu.cpp */; };
		5582E6B61162F62A00520F69 /* Ay_Cpu.cpp in Sources */ = {isa = PBXBuildFile; fileRef = 5582E5C01162F62900520F69 /* Ay_Cpu.cpp */; };
		5582E6B71162F62A00520F69 /* Ay_Emu.cpp in Sources */ = {isa = PBXBuildFile; fileRef = 5582E5C21162F62900520F69 /* Ay_Emu.cpp */; };
		5582E6B81162F62A00520F69 /* Blip_Buffer.cpp in Sources */ = {isa = PBXBuildFile; fileRef = 5582E5C81162F62900520F69 /* Blip_Buffer.cpp */; };
		5582E6B91162F62A00520F69 /* Classic_Emu.cpp in Sources */ = {isa = PBXBuildFile; fileRef = 5582E5CA1162F62900520F69 /* Classic_Emu.cpp */; };
		5582E6BA1162F62A00520F69 /* Data_Reader.cpp in Sources */ = {isa = PBXBuildFile; fileRef = 5582E5CC1162F62900520F69 /* Data_Reader.cpp */; };
		5582E6BB1162F62A00520F69 /* Dual_Resampler.cpp in Sources */ = {isa = PBXBuildFile; fileRef = 5582E5CE1162F62900520F69 /* Dual_Resampler.cpp */; };
		5582E6BC1162F62A00520F69 /* Effects_Buffer.cpp in Sources */ = {isa = PBXBuildFile; fileRef = 5582E5D01162F62900520F69 /* Effects_Buffer.cpp */; };
		5582E6BD1162F62A00520F69 /* Fir_Resampler.cpp in Sources */ = {isa = PBXBuildFile; fileRef = 5582E5D21162F62900520F69 /* Fir_Resampler.cpp */; };
		5582E6BE1162F62A00520F69 /* Gb_Apu.cpp in Sources */ = {isa = PBXBuildFile; fileRef = 5582E5D41162F62900520F69 /* Gb_Apu.cpp */; };
		5582E6BF1162F62A00520F69 /* Gb_Cpu.cpp in Sources */ = {isa = PBXBuildFile; fileRef = 5582E5D61162F62900520F69 /* Gb_Cpu.cpp */; };
		5582E6C01162F62A00520F69 /* Gb_Oscs.cpp in Sources */ = {isa = PBXBuildFile; fileRef = 5582E5D91162F62900520F69 /* Gb_Oscs.cpp */; };
		5582E6C11162F62A00520F69 /* Gbs_Emu.cpp in Sources */ = {isa = PBXBuildFile; fileRef = 5582E5DB1162F62900520F69 /* Gbs_Emu.cpp */; };
		5582E6C21162F62A00520F69 /* gme.cpp in Sources */ = {isa = PBXBuildFile; fileRef = 5582E5DD1162F62900520F69 /* gme.cpp */; };
		5582E6C31162F62A00520F69 /* Gme_File.cpp in Sources */ = {isa = PBXBuildFile; fileRef = 5582E5DF1162F62900520F69 /* Gme_File.cpp */; };
		5582E6C41162F62A00520F69 /* Gym_Emu.cpp in Sources */ = {isa = PBXBuildFile; fileRef = 5582E5E11162F62900520F69 /* Gym_Emu.cpp */; };
		5582E6C51162F62A00520F69 /* Hes_Apu.cpp in Sources */ = {isa = PBXBuildFile; fileRef = 5582E5E31162F62900520F69 /* Hes_Apu.cpp */; };
		5582E6C61162F62A00520F69 /* Hes_Cpu.cpp in Sources */ = {isa = PBXBuildFile; fileRef = 5582E5E51162F62900520F69 /* Hes_Cpu.cpp */; };
		5582E6C71162F62A00520F69 /* Hes_Emu.cpp in Sources */ = {isa = PBXBuildFile; fileRef = 5582E5E81162F62900520F69 /* Hes_Emu.cpp */; };
		5582E6C81162F62A00520F69 /* Kss_Cpu.cpp in Sources */ = {isa = PBXBuildFile; fileRef = 5582E5EA1162F62900520F69 /* Kss_Cpu.cpp */; };
		5582E6C91162F62A00520F69 /* Kss_Emu.cpp in Sources */ = {isa = PBXBuildFile; fileRef = 5582E5EC1162F62900520F69 /* Kss_Emu.cpp */; };
		5582E6CA1162F62A00520F69 /* Kss_Scc_Apu.cpp in Sources */ = {isa = PBXBuildFile; fileRef = 5582E5EE1162F62900520F69 /* Kss_Scc_Apu.cpp */; };
		5582E6CB1162F62A00520F69 /* M3u_Playlist.cpp in Sources */ = {isa = PBXBuildFile; fileRef = 5582E5F01162F62900520F69 /* M3u_Playlist.cpp */; };
		5582E6CC1162F62A00520F69 /* Multi_Buffer.cpp in Sources */ = {isa = PBXBuildFile; fileRef = 5582E5F21162F62900520F69 /* Multi_Buffer.cpp */; };
		5582E6CD1162F62A00520F69 /* Music_Emu.cpp in Sources */ = {isa = PBXBuildFile; fileRef = 5582E5F41162F62900520F69 /* Music_Emu.cpp */; };
		5582E6CE1162F62A00520F69 /* Nes_Apu.cpp in Sources */ = {isa = PBXBuildFile; fileRef = 5582E5F61162F62900520F69 /* Nes_Apu.cpp */; };
		5582E6CF1162F62A00520F69 /* Nes_Cpu.cpp in Sources */ = {isa = PBXBuildFile; fileRef = 5582E5F81162F62900520F69 /* Nes_Cpu.cpp */; };
		5582E6D01162F62A00520F69 /* Nes_Fme7_Apu.cpp in Sources */ = {isa = PBXBuildFile; fileRef = 5582E5FB1162F62900520F69 /* Nes_Fme7_Apu.cpp */; };
		5582E6D11162F62A00520F69 /* Nes_Namco_Apu.cpp in Sources */ = {isa = PBXBuildFile; fileRef = 5582E5FD1162F62900520F69 /* Nes_Namco_Apu.cpp */; };
		5582E6D21162F62A00520F69 /* Nes_Oscs.cpp in Sources */ = {isa = PBXBuildFile; fileRef = 5582E5FF1162F62900520F69 /* Nes_Oscs.cpp */; };
		5582E6D31162F62A00520F69 /* Nes_Vrc6_Apu.cpp in Sources */ = {isa = PBXBuildFile; fileRef = 5582E6011162F62900520F69 /* Nes_Vrc6_Apu.cpp */; };
		5582E6D41162F62A00520F69 /* Nsf_Emu.cpp in Sources */ = {isa = PBXBuildFile; fileRef = 5582E6031162F62900520F69 /* Nsf_Emu.cpp */; };
		5582E6D51162F62A00520F69 /* Nsfe_Emu.cpp in Sources */ = {isa = PBXBuildFile; fileRef = 5582E6051162F62900520F69 /* Nsfe_Emu.cpp */; };
		5582E6D61162F62A00520F69 /* Sap_Apu.cpp in Sources */ = {isa = PBXBuildFile; fileRef = 5582E6071162F62900520F69 /* Sap_Apu.cpp */; };
		5582E6D71162F62A00520F69 /* Sap_Cpu.cpp in Sources */ = {isa = PBXBuildFile; fileRef = 5582E6091162F62900520F69 /* Sap_Cpu.cpp */; };
		5582E6D81162F62A00520F69 /* Sap_Emu.cpp in Sources */ = {isa = PBXBuildFile; fileRef = 5582E60C1162F62900520F69 /* Sap_Emu.cpp */; };
		5582E6D91162F62A00520F69 /* Sms_Apu.cpp in Sources */ = {isa = PBXBuildFile; fileRef = 5582E60E1162F62900520F69 /* Sms_Apu.cpp */; };
		5582E6DA1162F62A00520F69 /* Snes_Spc.cpp in Sources */ = {isa = PBXBuildFile; fileRef = 5582E6111162F62900520F69 /* Snes_Spc.cpp */; };
		5582E6DB1162F62A00520F69 /* Spc_Cpu.cpp in Sources */ = {isa = PBXBuildFile; fileRef = 5582E6131162F62900520F69 /* Spc_Cpu.cpp */; };
		5582E6DC1162F62A00520F69 /* Spc_Dsp.cpp in Sources */ = {isa = PBXBuildFile; fileRef = 5582E6151162F62900520F69 /* Spc_Dsp.cpp */; };
		5582E6DD1162F62A00520F69 /* Spc_Emu.cpp in Sources */ = {isa = PBXBuildFile; fileRef = 5582E6171162F62900520F69 /* Spc_Emu.cpp */; };
		5582E6DE1162F62A00520F69 /* Vgm_Emu.cpp in Sources */ = {isa = PBXBuildFile; fileRef = 5582E6191162F62900520F69 /* Vgm_Emu.cpp */; };
		5582E6DF1162F62A00520F69 /* Vgm_Emu_Impl.cpp in Sources */ = {isa = PBXBuildFile; fileRef = 5582E61B1162F62A00520F69 /* Vgm_Emu_Impl.cpp */; };
		5582E6E01162F62A00520F69 /* Ym2413_Emu.cpp in Sources */ = {isa = PBXBuildFile; fileRef = 5582E61D1162F62A00520F69 /* Ym2413_Emu.cpp */; };
		5582E6E11162F62A00520F69 /* Ym2612_Emu.cpp in Sources */ = {isa = PBXBuildFile; fileRef = 5582E61F1162F62A00520F69 /* Ym2612_Emu.cpp */; };
		5582E7081162F99C00520F69 /* MusicEmu.mm in Sources */ = {isa = PBXBuildFile; fileRef = 5582E7071162F99C00520F69 /* MusicEmu.mm */; };
		5582E7681163023300520F69 /* GmeErrors.m in Sources */ = {isa = PBXBuildFile; fileRef = 5582E7671163023300520F69 /* GmeErrors.m */; };
		5582E7BC1163066400520F69 /* AudioToolbox.framework in Frameworks */ = {isa = PBXBuildFile; fileRef = 5582E7BB1163066400520F69 /* AudioToolbox.framework */; };
		5582E9011163753000520F69 /* TrackTableDataSource.m in Sources */ = {isa = PBXBuildFile; fileRef = 5582E9001163753000520F69 /* TrackTableDataSource.m */; };
		5582E97E11637A3600520F69 /* TrackInfo.m in Sources */ = {isa = PBXBuildFile; fileRef = 5582E97D11637A3600520F69 /* TrackInfo.m */; };
		558E23A31167AF3600771304 /* MusicPlayerStateMachine.m in Sources */ = {isa = PBXBuildFile; fileRef = 559A2FBF11657DE800E7F3F0 /* MusicPlayerStateMachine.m */; };
		558E23A41167AF3F00771304 /* MusicPlayerStateMachineTest.m in Sources */ = {isa = PBXBuildFile; fileRef = 558E238B1167AEBF00771304 /* MusicPlayerStateMachineTest.m */; };
		558E242211683F6200771304 /* MockMusicPlayerActions.m in Sources */ = {isa = PBXBuildFile; fileRef = 558E242111683F6200771304 /* MockMusicPlayerActions.m */; };
		559A2FC011657DE800E7F3F0 /* MusicPlayerStateMachine.m in Sources */ = {isa = PBXBuildFile; fileRef = 559A2FBF11657DE800E7F3F0 /* MusicPlayerStateMachine.m */; };
		559A30121165850500E7F3F0 /* MusicPlayerAudioQueueOutput.m in Sources */ = {isa = PBXBuildFile; fileRef = 559A30111165850500E7F3F0 /* MusicPlayerAudioQueueOutput.m */; };
		559A328A1166382300E7F3F0 /* GmeMusicFile.m in Sources */ = {isa = PBXBuildFile; fileRef = 559A32891166382300E7F3F0 /* GmeMusicFile.m */; };
		8D15AC2C0486D014006FF6A4 /* Credits.rtf in Resources */ = {isa = PBXBuildFile; fileRef = 2A37F4B9FDCFA73011CA2CEA /* Credits.rtf */; };
		8D15AC2F0486D014006FF6A4 /* InfoPlist.strings in Resources */ = {isa = PBXBuildFile; fileRef = 089C165FFE840EACC02AAC07 /* InfoPlist.strings */; };
		8D15AC310486D014006FF6A4 /* MyDocument.m in Sources */ = {isa = PBXBuildFile; fileRef = 2A37F4ACFDCFA73011CA2CEA /* MyDocument.m */; settings = {ATTRIBUTES = (); }; };
		8D15AC320486D014006FF6A4 /* main.m in Sources */ = {isa = PBXBuildFile; fileRef = 2A37F4B0FDCFA73011CA2CEA /* main.m */; settings = {ATTRIBUTES = (); }; };
		8D15AC340486D014006FF6A4 /* Cocoa.framework in Frameworks */ = {isa = PBXBuildFile; fileRef = 1058C7A7FEA54F5311CA2CBB /* Cocoa.framework */; };
/* End PBXBuildFile section */

/* Begin PBXContainerItemProxy section */
		558E24B111684CF200771304 /* PBXContainerItemProxy */ = {
			isa = PBXContainerItemProxy;
			containerPortal = 2A37F4A9FDCFA73011CA2CEA /* Project object */;
			proxyType = 1;
			remoteGlobalIDString = 8D15AC270486D014006FF6A4;
			remoteInfo = "Retro Player";
		};
/* End PBXContainerItemProxy section */

/* Begin PBXCopyFilesBuildPhase section */
		558E23DB1167B7CC00771304 /* Copy Frameworks */ = {
			isa = PBXCopyFilesBuildPhase;
			buildActionMask = 2147483647;
			dstPath = "";
			dstSubfolderSpec = 10;
			files = (
			);
			name = "Copy Frameworks";
			runOnlyForDeploymentPostprocessing = 0;
		};
/* End PBXCopyFilesBuildPhase section */

/* Begin PBXFileReference section */
		089C1660FE840EACC02AAC07 /* English */ = {isa = PBXFileReference; fileEncoding = 4; lastKnownFileType = text.plist.strings; name = English; path = English.lproj/InfoPlist.strings; sourceTree = "<group>"; };
		1058C7A7FEA54F5311CA2CBB /* Cocoa.framework */ = {isa = PBXFileReference; lastKnownFileType = wrapper.framework; name = Cocoa.framework; path = /System/Library/Frameworks/Cocoa.framework; sourceTree = "<absolute>"; };
		13E42FBA07B3F13500E4EEF1 /* CoreData.framework */ = {isa = PBXFileReference; lastKnownFileType = wrapper.framework; name = CoreData.framework; path = /System/Library/Frameworks/CoreData.framework; sourceTree = "<absolute>"; };
		1DDD58290DA1D0D100B32029 /* English */ = {isa = PBXFileReference; lastKnownFileType = file.xib; name = English; path = English.lproj/MyDocument.xib; sourceTree = "<group>"; };
		1DDD582B0DA1D0D100B32029 /* English */ = {isa = PBXFileReference; lastKnownFileType = file.xib; name = English; path = English.lproj/MainMenu.xib; sourceTree = "<group>"; };
		2564AD2C0F5327BB00F57823 /* Retro_Player_Prefix.pch */ = {isa = PBXFileReference; fileEncoding = 4; lastKnownFileType = sourcecode.c.h; path = Retro_Player_Prefix.pch; sourceTree = "<group>"; };
		2A37F4ACFDCFA73011CA2CEA /* MyDocument.m */ = {isa = PBXFileReference; fileEncoding = 4; lastKnownFileType = sourcecode.c.objc; path = MyDocument.m; sourceTree = "<group>"; };
		2A37F4AEFDCFA73011CA2CEA /* MyDocument.h */ = {isa = PBXFileReference; fileEncoding = 4; lastKnownFileType = sourcecode.c.h; path = MyDocument.h; sourceTree = "<group>"; };
		2A37F4B0FDCFA73011CA2CEA /* main.m */ = {isa = PBXFileReference; fileEncoding = 4; lastKnownFileType = sourcecode.c.objc; path = main.m; sourceTree = "<group>"; };
		2A37F4BAFDCFA73011CA2CEA /* English */ = {isa = PBXFileReference; lastKnownFileType = text.rtf; name = English; path = English.lproj/Credits.rtf; sourceTree = "<group>"; };
		2A37F4C4FDCFA73011CA2CEA /* AppKit.framework */ = {isa = PBXFileReference; lastKnownFileType = wrapper.framework; name = AppKit.framework; path = /System/Library/Frameworks/AppKit.framework; sourceTree = "<absolute>"; };
		2A37F4C5FDCFA73011CA2CEA /* Foundation.framework */ = {isa = PBXFileReference; lastKnownFileType = wrapper.framework; name = Foundation.framework; path = /System/Library/Frameworks/Foundation.framework; sourceTree = "<absolute>"; };
		5582E5B51162F62900520F69 /* changes.txt */ = {isa = PBXFileReference; fileEncoding = 4; lastKnownFileType = text; path = changes.txt; sourceTree = "<group>"; };
		5582E5B71162F62900520F69 /* basics.c */ = {isa = PBXFileReference; fileEncoding = 4; lastKnownFileType = sourcecode.c.c; path = basics.c; sourceTree = "<group>"; };
		5582E5B81162F62900520F69 /* cpp_basics.cpp */ = {isa = PBXFileReference; fileEncoding = 4; lastKnownFileType = sourcecode.cpp.cpp; path = cpp_basics.cpp; sourceTree = "<group>"; };
		5582E5B91162F62900520F69 /* features.c */ = {isa = PBXFileReference; fileEncoding = 4; lastKnownFileType = sourcecode.c.c; path = features.c; sourceTree = "<group>"; };
		5582E5BA1162F62900520F69 /* Wave_Writer.cpp */ = {isa = PBXFileReference; fileEncoding = 4; lastKnownFileType = sourcecode.cpp.cpp; path = Wave_Writer.cpp; sourceTree = "<group>"; };
		5582E5BB1162F62900520F69 /* Wave_Writer.h */ = {isa = PBXFileReference; fileEncoding = 4; lastKnownFileType = sourcecode.c.h; path = Wave_Writer.h; sourceTree = "<group>"; };
		5582E5BC1162F62900520F69 /* design.txt */ = {isa = PBXFileReference; fileEncoding = 4; lastKnownFileType = text; path = design.txt; sourceTree = "<group>"; };
		5582E5BE1162F62900520F69 /* Ay_Apu.cpp */ = {isa = PBXFileReference; fileEncoding = 4; lastKnownFileType = sourcecode.cpp.cpp; path = Ay_Apu.cpp; sourceTree = "<group>"; };
		5582E5BF1162F62900520F69 /* Ay_Apu.h */ = {isa = PBXFileReference; fileEncoding = 4; lastKnownFileType = sourcecode.c.h; path = Ay_Apu.h; sourceTree = "<group>"; };
		5582E5C01162F62900520F69 /* Ay_Cpu.cpp */ = {isa = PBXFileReference; fileEncoding = 4; lastKnownFileType = sourcecode.cpp.cpp; path = Ay_Cpu.cpp; sourceTree = "<group>"; };
		5582E5C11162F62900520F69 /* Ay_Cpu.h */ = {isa = PBXFileReference; fileEncoding = 4; lastKnownFileType = sourcecode.c.h; path = Ay_Cpu.h; sourceTree = "<group>"; };
		5582E5C21162F62900520F69 /* Ay_Emu.cpp */ = {isa = PBXFileReference; fileEncoding = 4; lastKnownFileType = sourcecode.cpp.cpp; path = Ay_Emu.cpp; sourceTree = "<group>"; };
		5582E5C31162F62900520F69 /* Ay_Emu.h */ = {isa = PBXFileReference; fileEncoding = 4; lastKnownFileType = sourcecode.c.h; path = Ay_Emu.h; sourceTree = "<group>"; };
		5582E5C41162F62900520F69 /* blargg_common.h */ = {isa = PBXFileReference; fileEncoding = 4; lastKnownFileType = sourcecode.c.h; path = blargg_common.h; sourceTree = "<group>"; };
		5582E5C51162F62900520F69 /* blargg_config.h */ = {isa = PBXFileReference; fileEncoding = 4; lastKnownFileType = sourcecode.c.h; path = blargg_config.h; sourceTree = "<group>"; };
		5582E5C61162F62900520F69 /* blargg_endian.h */ = {isa = PBXFileReference; fileEncoding = 4; lastKnownFileType = sourcecode.c.h; path = blargg_endian.h; sourceTree = "<group>"; };
		5582E5C71162F62900520F69 /* blargg_source.h */ = {isa = PBXFileReference; fileEncoding = 4; lastKnownFileType = sourcecode.c.h; path = blargg_source.h; sourceTree = "<group>"; };
		5582E5C81162F62900520F69 /* Blip_Buffer.cpp */ = {isa = PBXFileReference; fileEncoding = 4; lastKnownFileType = sourcecode.cpp.cpp; path = Blip_Buffer.cpp; sourceTree = "<group>"; };
		5582E5C91162F62900520F69 /* Blip_Buffer.h */ = {isa = PBXFileReference; fileEncoding = 4; lastKnownFileType = sourcecode.c.h; path = Blip_Buffer.h; sourceTree = "<group>"; };
		5582E5CA1162F62900520F69 /* Classic_Emu.cpp */ = {isa = PBXFileReference; fileEncoding = 4; lastKnownFileType = sourcecode.cpp.cpp; path = Classic_Emu.cpp; sourceTree = "<group>"; };
		5582E5CB1162F62900520F69 /* Classic_Emu.h */ = {isa = PBXFileReference; fileEncoding = 4; lastKnownFileType = sourcecode.c.h; path = Classic_Emu.h; sourceTree = "<group>"; };
		5582E5CC1162F62900520F69 /* Data_Reader.cpp */ = {isa = PBXFileReference; fileEncoding = 4; lastKnownFileType = sourcecode.cpp.cpp; path = Data_Reader.cpp; sourceTree = "<group>"; };
		5582E5CD1162F62900520F69 /* Data_Reader.h */ = {isa = PBXFileReference; fileEncoding = 4; lastKnownFileType = sourcecode.c.h; path = Data_Reader.h; sourceTree = "<group>"; };
		5582E5CE1162F62900520F69 /* Dual_Resampler.cpp */ = {isa = PBXFileReference; fileEncoding = 4; lastKnownFileType = sourcecode.cpp.cpp; path = Dual_Resampler.cpp; sourceTree = "<group>"; };
		5582E5CF1162F62900520F69 /* Dual_Resampler.h */ = {isa = PBXFileReference; fileEncoding = 4; lastKnownFileType = sourcecode.c.h; path = Dual_Resampler.h; sourceTree = "<group>"; };
		5582E5D01162F62900520F69 /* Effects_Buffer.cpp */ = {isa = PBXFileReference; fileEncoding = 4; lastKnownFileType = sourcecode.cpp.cpp; path = Effects_Buffer.cpp; sourceTree = "<group>"; };
		5582E5D11162F62900520F69 /* Effects_Buffer.h */ = {isa = PBXFileReference; fileEncoding = 4; lastKnownFileType = sourcecode.c.h; path = Effects_Buffer.h; sourceTree = "<group>"; };
		5582E5D21162F62900520F69 /* Fir_Resampler.cpp */ = {isa = PBXFileReference; fileEncoding = 4; lastKnownFileType = sourcecode.cpp.cpp; path = Fir_Resampler.cpp; sourceTree = "<group>"; };
		5582E5D31162F62900520F69 /* Fir_Resampler.h */ = {isa = PBXFileReference; fileEncoding = 4; lastKnownFileType = sourcecode.c.h; path = Fir_Resampler.h; sourceTree = "<group>"; };
		5582E5D41162F62900520F69 /* Gb_Apu.cpp */ = {isa = PBXFileReference; fileEncoding = 4; lastKnownFileType = sourcecode.cpp.cpp; path = Gb_Apu.cpp; sourceTree = "<group>"; };
		5582E5D51162F62900520F69 /* Gb_Apu.h */ = {isa = PBXFileReference; fileEncoding = 4; lastKnownFileType = sourcecode.c.h; path = Gb_Apu.h; sourceTree = "<group>"; };
		5582E5D61162F62900520F69 /* Gb_Cpu.cpp */ = {isa = PBXFileReference; fileEncoding = 4; lastKnownFileType = sourcecode.cpp.cpp; path = Gb_Cpu.cpp; sourceTree = "<group>"; };
		5582E5D71162F62900520F69 /* Gb_Cpu.h */ = {isa = PBXFileReference; fileEncoding = 4; lastKnownFileType = sourcecode.c.h; path = Gb_Cpu.h; sourceTree = "<group>"; };
		5582E5D81162F62900520F69 /* gb_cpu_io.h */ = {isa = PBXFileReference; fileEncoding = 4; lastKnownFileType = sourcecode.c.h; path = gb_cpu_io.h; sourceTree = "<group>"; };
		5582E5D91162F62900520F69 /* Gb_Oscs.cpp */ = {isa = PBXFileReference; fileEncoding = 4; lastKnownFileType = sourcecode.cpp.cpp; path = Gb_Oscs.cpp; sourceTree = "<group>"; };
		5582E5DA1162F62900520F69 /* Gb_Oscs.h */ = {isa = PBXFileReference; fileEncoding = 4; lastKnownFileType = sourcecode.c.h; path = Gb_Oscs.h; sourceTree = "<group>"; };
		5582E5DB1162F62900520F69 /* Gbs_Emu.cpp */ = {isa = PBXFileReference; fileEncoding = 4; lastKnownFileType = sourcecode.cpp.cpp; path = Gbs_Emu.cpp; sourceTree = "<group>"; };
		5582E5DC1162F62900520F69 /* Gbs_Emu.h */ = {isa = PBXFileReference; fileEncoding = 4; lastKnownFileType = sourcecode.c.h; path = Gbs_Emu.h; sourceTree = "<group>"; };
		5582E5DD1162F62900520F69 /* gme.cpp */ = {isa = PBXFileReference; fileEncoding = 4; lastKnownFileType = sourcecode.cpp.cpp; path = gme.cpp; sourceTree = "<group>"; };
		5582E5DE1162F62900520F69 /* gme.h */ = {isa = PBXFileReference; fileEncoding = 4; lastKnownFileType = sourcecode.c.h; path = gme.h; sourceTree = "<group>"; };
		5582E5DF1162F62900520F69 /* Gme_File.cpp */ = {isa = PBXFileReference; fileEncoding = 4; lastKnownFileType = sourcecode.cpp.cpp; path = Gme_File.cpp; sourceTree = "<group>"; };
		5582E5E01162F62900520F69 /* Gme_File.h */ = {isa = PBXFileReference; fileEncoding = 4; lastKnownFileType = sourcecode.c.h; path = Gme_File.h; sourceTree = "<group>"; };
		5582E5E11162F62900520F69 /* Gym_Emu.cpp */ = {isa = PBXFileReference; fileEncoding = 4; lastKnownFileType = sourcecode.cpp.cpp; path = Gym_Emu.cpp; sourceTree = "<group>"; };
		5582E5E21162F62900520F69 /* Gym_Emu.h */ = {isa = PBXFileReference; fileEncoding = 4; lastKnownFileType = sourcecode.c.h; path = Gym_Emu.h; sourceTree = "<group>"; };
		5582E5E31162F62900520F69 /* Hes_Apu.cpp */ = {isa = PBXFileReference; fileEncoding = 4; lastKnownFileType = sourcecode.cpp.cpp; path = Hes_Apu.cpp; sourceTree = "<group>"; };
		5582E5E41162F62900520F69 /* Hes_Apu.h */ = {isa = PBXFileReference; fileEncoding = 4; lastKnownFileType = sourcecode.c.h; path = Hes_Apu.h; sourceTree = "<group>"; };
		5582E5E51162F62900520F69 /* Hes_Cpu.cpp */ = {isa = PBXFileReference; fileEncoding = 4; lastKnownFileType = sourcecode.cpp.cpp; path = Hes_Cpu.cpp; sourceTree = "<group>"; };
		5582E5E61162F62900520F69 /* Hes_Cpu.h */ = {isa = PBXFileReference; fileEncoding = 4; lastKnownFileType = sourcecode.c.h; path = Hes_Cpu.h; sourceTree = "<group>"; };
		5582E5E71162F62900520F69 /* hes_cpu_io.h */ = {isa = PBXFileReference; fileEncoding = 4; lastKnownFileType = sourcecode.c.h; path = hes_cpu_io.h; sourceTree = "<group>"; };
		5582E5E81162F62900520F69 /* Hes_Emu.cpp */ = {isa = PBXFileReference; fileEncoding = 4; lastKnownFileType = sourcecode.cpp.cpp; path = Hes_Emu.cpp; sourceTree = "<group>"; };
		5582E5E91162F62900520F69 /* Hes_Emu.h */ = {isa = PBXFileReference; fileEncoding = 4; lastKnownFileType = sourcecode.c.h; path = Hes_Emu.h; sourceTree = "<group>"; };
		5582E5EA1162F62900520F69 /* Kss_Cpu.cpp */ = {isa = PBXFileReference; fileEncoding = 4; lastKnownFileType = sourcecode.cpp.cpp; path = Kss_Cpu.cpp; sourceTree = "<group>"; };
		5582E5EB1162F62900520F69 /* Kss_Cpu.h */ = {isa = PBXFileReference; fileEncoding = 4; lastKnownFileType = sourcecode.c.h; path = Kss_Cpu.h; sourceTree = "<group>"; };
		5582E5EC1162F62900520F69 /* Kss_Emu.cpp */ = {isa = PBXFileReference; fileEncoding = 4; lastKnownFileType = sourcecode.cpp.cpp; path = Kss_Emu.cpp; sourceTree = "<group>"; };
		5582E5ED1162F62900520F69 /* Kss_Emu.h */ = {isa = PBXFileReference; fileEncoding = 4; lastKnownFileType = sourcecode.c.h; path = Kss_Emu.h; sourceTree = "<group>"; };
		5582E5EE1162F62900520F69 /* Kss_Scc_Apu.cpp */ = {isa = PBXFileReference; fileEncoding = 4; lastKnownFileType = sourcecode.cpp.cpp; path = Kss_Scc_Apu.cpp; sourceTree = "<group>"; };
		5582E5EF1162F62900520F69 /* Kss_Scc_Apu.h */ = {isa = PBXFileReference; fileEncoding = 4; lastKnownFileType = sourcecode.c.h; path = Kss_Scc_Apu.h; sourceTree = "<group>"; };
		5582E5F01162F62900520F69 /* M3u_Playlist.cpp */ = {isa = PBXFileReference; fileEncoding = 4; lastKnownFileType = sourcecode.cpp.cpp; path = M3u_Playlist.cpp; sourceTree = "<group>"; };
		5582E5F11162F62900520F69 /* M3u_Playlist.h */ = {isa = PBXFileReference; fileEncoding = 4; lastKnownFileType = sourcecode.c.h; path = M3u_Playlist.h; sourceTree = "<group>"; };
		5582E5F21162F62900520F69 /* Multi_Buffer.cpp */ = {isa = PBXFileReference; fileEncoding = 4; lastKnownFileType = sourcecode.cpp.cpp; path = Multi_Buffer.cpp; sourceTree = "<group>"; };
		5582E5F31162F62900520F69 /* Multi_Buffer.h */ = {isa = PBXFileReference; fileEncoding = 4; lastKnownFileType = sourcecode.c.h; path = Multi_Buffer.h; sourceTree = "<group>"; };
		5582E5F41162F62900520F69 /* Music_Emu.cpp */ = {isa = PBXFileReference; fileEncoding = 4; lastKnownFileType = sourcecode.cpp.cpp; path = Music_Emu.cpp; sourceTree = "<group>"; };
		5582E5F51162F62900520F69 /* Music_Emu.h */ = {isa = PBXFileReference; fileEncoding = 4; lastKnownFileType = sourcecode.c.h; path = Music_Emu.h; sourceTree = "<group>"; };
		5582E5F61162F62900520F69 /* Nes_Apu.cpp */ = {isa = PBXFileReference; fileEncoding = 4; lastKnownFileType = sourcecode.cpp.cpp; path = Nes_Apu.cpp; sourceTree = "<group>"; };
		5582E5F71162F62900520F69 /* Nes_Apu.h */ = {isa = PBXFileReference; fileEncoding = 4; lastKnownFileType = sourcecode.c.h; path = Nes_Apu.h; sourceTree = "<group>"; };
		5582E5F81162F62900520F69 /* Nes_Cpu.cpp */ = {isa = PBXFileReference; fileEncoding = 4; lastKnownFileType = sourcecode.cpp.cpp; path = Nes_Cpu.cpp; sourceTree = "<group>"; };
		5582E5F91162F62900520F69 /* Nes_Cpu.h */ = {isa = PBXFileReference; fileEncoding = 4; lastKnownFileType = sourcecode.c.h; path = Nes_Cpu.h; sourceTree = "<group>"; };
		5582E5FA1162F62900520F69 /* nes_cpu_io.h */ = {isa = PBXFileReference; fileEncoding = 4; lastKnownFileType = sourcecode.c.h; path = nes_cpu_io.h; sourceTree = "<group>"; };
		5582E5FB1162F62900520F69 /* Nes_Fme7_Apu.cpp */ = {isa = PBXFileReference; fileEncoding = 4; lastKnownFileType = sourcecode.cpp.cpp; path = Nes_Fme7_Apu.cpp; sourceTree = "<group>"; };
		5582E5FC1162F62900520F69 /* Nes_Fme7_Apu.h */ = {isa = PBXFileReference; fileEncoding = 4; lastKnownFileType = sourcecode.c.h; path = Nes_Fme7_Apu.h; sourceTree = "<group>"; };
		5582E5FD1162F62900520F69 /* Nes_Namco_Apu.cpp */ = {isa = PBXFileReference; fileEncoding = 4; lastKnownFileType = sourcecode.cpp.cpp; path = Nes_Namco_Apu.cpp; sourceTree = "<group>"; };
		5582E5FE1162F62900520F69 /* Nes_Namco_Apu.h */ = {isa = PBXFileReference; fileEncoding = 4; lastKnownFileType = sourcecode.c.h; path = Nes_Namco_Apu.h; sourceTree = "<group>"; };
		5582E5FF1162F62900520F69 /* Nes_Oscs.cpp */ = {isa = PBXFileReference; fileEncoding = 4; lastKnownFileType = sourcecode.cpp.cpp; path = Nes_Oscs.cpp; sourceTree = "<group>"; };
		5582E6001162F62900520F69 /* Nes_Oscs.h */ = {isa = PBXFileReference; fileEncoding = 4; lastKnownFileType = sourcecode.c.h; path = Nes_Oscs.h; sourceTree = "<group>"; };
		5582E6011162F62900520F69 /* Nes_Vrc6_Apu.cpp */ = {isa = PBXFileReference; fileEncoding = 4; lastKnownFileType = sourcecode.cpp.cpp; path = Nes_Vrc6_Apu.cpp; sourceTree = "<group>"; };
		5582E6021162F62900520F69 /* Nes_Vrc6_Apu.h */ = {isa = PBXFileReference; fileEncoding = 4; lastKnownFileType = sourcecode.c.h; path = Nes_Vrc6_Apu.h; sourceTree = "<group>"; };
		5582E6031162F62900520F69 /* Nsf_Emu.cpp */ = {isa = PBXFileReference; fileEncoding = 4; lastKnownFileType = sourcecode.cpp.cpp; path = Nsf_Emu.cpp; sourceTree = "<group>"; };
		5582E6041162F62900520F69 /* Nsf_Emu.h */ = {isa = PBXFileReference; fileEncoding = 4; lastKnownFileType = sourcecode.c.h; path = Nsf_Emu.h; sourceTree = "<group>"; };
		5582E6051162F62900520F69 /* Nsfe_Emu.cpp */ = {isa = PBXFileReference; fileEncoding = 4; lastKnownFileType = sourcecode.cpp.cpp; path = Nsfe_Emu.cpp; sourceTree = "<group>"; };
		5582E6061162F62900520F69 /* Nsfe_Emu.h */ = {isa = PBXFileReference; fileEncoding = 4; lastKnownFileType = sourcecode.c.h; path = Nsfe_Emu.h; sourceTree = "<group>"; };
		5582E6071162F62900520F69 /* Sap_Apu.cpp */ = {isa = PBXFileReference; fileEncoding = 4; lastKnownFileType = sourcecode.cpp.cpp; path = Sap_Apu.cpp; sourceTree = "<group>"; };
		5582E6081162F62900520F69 /* Sap_Apu.h */ = {isa = PBXFileReference; fileEncoding = 4; lastKnownFileType = sourcecode.c.h; path = Sap_Apu.h; sourceTree = "<group>"; };
		5582E6091162F62900520F69 /* Sap_Cpu.cpp */ = {isa = PBXFileReference; fileEncoding = 4; lastKnownFileType = sourcecode.cpp.cpp; path = Sap_Cpu.cpp; sourceTree = "<group>"; };
		5582E60A1162F62900520F69 /* Sap_Cpu.h */ = {isa = PBXFileReference; fileEncoding = 4; lastKnownFileType = sourcecode.c.h; path = Sap_Cpu.h; sourceTree = "<group>"; };
		5582E60B1162F62900520F69 /* sap_cpu_io.h */ = {isa = PBXFileReference; fileEncoding = 4; lastKnownFileType = sourcecode.c.h; path = sap_cpu_io.h; sourceTree = "<group>"; };
		5582E60C1162F62900520F69 /* Sap_Emu.cpp */ = {isa = PBXFileReference; fileEncoding = 4; lastKnownFileType = sourcecode.cpp.cpp; path = Sap_Emu.cpp; sourceTree = "<group>"; };
		5582E60D1162F62900520F69 /* Sap_Emu.h */ = {isa = PBXFileReference; fileEncoding = 4; lastKnownFileType = sourcecode.c.h; path = Sap_Emu.h; sourceTree = "<group>"; };
		5582E60E1162F62900520F69 /* Sms_Apu.cpp */ = {isa = PBXFileReference; fileEncoding = 4; lastKnownFileType = sourcecode.cpp.cpp; path = Sms_Apu.cpp; sourceTree = "<group>"; };
		5582E60F1162F62900520F69 /* Sms_Apu.h */ = {isa = PBXFileReference; fileEncoding = 4; lastKnownFileType = sourcecode.c.h; path = Sms_Apu.h; sourceTree = "<group>"; };
		5582E6101162F62900520F69 /* Sms_Oscs.h */ = {isa = PBXFileReference; fileEncoding = 4; lastKnownFileType = sourcecode.c.h; path = Sms_Oscs.h; sourceTree = "<group>"; };
		5582E6111162F62900520F69 /* Snes_Spc.cpp */ = {isa = PBXFileReference; fileEncoding = 4; lastKnownFileType = sourcecode.cpp.cpp; path = Snes_Spc.cpp; sourceTree = "<group>"; };
		5582E6121162F62900520F69 /* Snes_Spc.h */ = {isa = PBXFileReference; fileEncoding = 4; lastKnownFileType = sourcecode.c.h; path = Snes_Spc.h; sourceTree = "<group>"; };
		5582E6131162F62900520F69 /* Spc_Cpu.cpp */ = {isa = PBXFileReference; fileEncoding = 4; lastKnownFileType = sourcecode.cpp.cpp; path = Spc_Cpu.cpp; sourceTree = "<group>"; };
		5582E6141162F62900520F69 /* Spc_Cpu.h */ = {isa = PBXFileReference; fileEncoding = 4; lastKnownFileType = sourcecode.c.h; path = Spc_Cpu.h; sourceTree = "<group>"; };
		5582E6151162F62900520F69 /* Spc_Dsp.cpp */ = {isa = PBXFileReference; fileEncoding = 4; lastKnownFileType = sourcecode.cpp.cpp; path = Spc_Dsp.cpp; sourceTree = "<group>"; };
		5582E6161162F62900520F69 /* Spc_Dsp.h */ = {isa = PBXFileReference; fileEncoding = 4; lastKnownFileType = sourcecode.c.h; path = Spc_Dsp.h; sourceTree = "<group>"; };
		5582E6171162F62900520F69 /* Spc_Emu.cpp */ = {isa = PBXFileReference; fileEncoding = 4; lastKnownFileType = sourcecode.cpp.cpp; path = Spc_Emu.cpp; sourceTree = "<group>"; };
		5582E6181162F62900520F69 /* Spc_Emu.h */ = {isa = PBXFileReference; fileEncoding = 4; lastKnownFileType = sourcecode.c.h; path = Spc_Emu.h; sourceTree = "<group>"; };
		5582E6191162F62900520F69 /* Vgm_Emu.cpp */ = {isa = PBXFileReference; fileEncoding = 4; lastKnownFileType = sourcecode.cpp.cpp; path = Vgm_Emu.cpp; sourceTree = "<group>"; };
		5582E61A1162F62900520F69 /* Vgm_Emu.h */ = {isa = PBXFileReference; fileEncoding = 4; lastKnownFileType = sourcecode.c.h; path = Vgm_Emu.h; sourceTree = "<group>"; };
		5582E61B1162F62A00520F69 /* Vgm_Emu_Impl.cpp */ = {isa = PBXFileReference; fileEncoding = 4; lastKnownFileType = sourcecode.cpp.cpp; path = Vgm_Emu_Impl.cpp; sourceTree = "<group>"; };
		5582E61C1162F62A00520F69 /* Vgm_Emu_Impl.h */ = {isa = PBXFileReference; fileEncoding = 4; lastKnownFileType = sourcecode.c.h; path = Vgm_Emu_Impl.h; sourceTree = "<group>"; };
		5582E61D1162F62A00520F69 /* Ym2413_Emu.cpp */ = {isa = PBXFileReference; fileEncoding = 4; lastKnownFileType = sourcecode.cpp.cpp; path = Ym2413_Emu.cpp; sourceTree = "<group>"; };
		5582E61E1162F62A00520F69 /* Ym2413_Emu.h */ = {isa = PBXFileReference; fileEncoding = 4; lastKnownFileType = sourcecode.c.h; path = Ym2413_Emu.h; sourceTree = "<group>"; };
		5582E61F1162F62A00520F69 /* Ym2612_Emu.cpp */ = {isa = PBXFileReference; fileEncoding = 4; lastKnownFileType = sourcecode.cpp.cpp; path = Ym2612_Emu.cpp; sourceTree = "<group>"; };
		5582E6201162F62A00520F69 /* Ym2612_Emu.h */ = {isa = PBXFileReference; fileEncoding = 4; lastKnownFileType = sourcecode.c.h; path = Ym2612_Emu.h; sourceTree = "<group>"; };
		5582E6211162F62A00520F69 /* gme.txt */ = {isa = PBXFileReference; fileEncoding = 4; lastKnownFileType = text; path = gme.txt; sourceTree = "<group>"; };
		5582E6221162F62A00520F69 /* license.txt */ = {isa = PBXFileReference; fileEncoding = 4; lastKnownFileType = text; path = license.txt; sourceTree = "<group>"; };
		5582E6241162F62A00520F69 /* Audio_Scope.cpp */ = {isa = PBXFileReference; fileEncoding = 4; lastKnownFileType = sourcecode.cpp.cpp; path = Audio_Scope.cpp; sourceTree = "<group>"; };
		5582E6251162F62A00520F69 /* Audio_Scope.h */ = {isa = PBXFileReference; fileEncoding = 4; lastKnownFileType = sourcecode.c.h; path = Audio_Scope.h; sourceTree = "<group>"; };
		5582E6261162F62A00520F69 /* Music_Player.cpp */ = {isa = PBXFileReference; fileEncoding = 4; lastKnownFileType = sourcecode.cpp.cpp; path = Music_Player.cpp; sourceTree = "<group>"; };
		5582E6271162F62A00520F69 /* Music_Player.h */ = {isa = PBXFileReference; fileEncoding = 4; lastKnownFileType = sourcecode.c.h; path = Music_Player.h; sourceTree = "<group>"; };
		5582E6281162F62A00520F69 /* player.cpp */ = {isa = PBXFileReference; fileEncoding = 4; lastKnownFileType = sourcecode.cpp.cpp; path = player.cpp; sourceTree = "<group>"; };
		5582E6291162F62A00520F69 /* readme.txt */ = {isa = PBXFileReference; fileEncoding = 4; lastKnownFileType = text; path = readme.txt; sourceTree = "<group>"; };
		5582E7061162F99C00520F69 /* MusicEmu.h */ = {isa = PBXFileReference; fileEncoding = 4; lastKnownFileType = sourcecode.c.h; path = MusicEmu.h; sourceTree = "<group>"; };
		5582E7071162F99C00520F69 /* MusicEmu.mm */ = {isa = PBXFileReference; fileEncoding = 4; lastKnownFileType = sourcecode.cpp.objcpp; path = MusicEmu.mm; sourceTree = "<group>"; };
		5582E7661163023300520F69 /* GmeErrors.h */ = {isa = PBXFileReference; fileEncoding = 4; lastKnownFileType = sourcecode.c.h; path = GmeErrors.h; sourceTree = "<group>"; };
		5582E7671163023300520F69 /* GmeErrors.m */ = {isa = PBXFileReference; fileEncoding = 4; lastKnownFileType = sourcecode.c.objc; path = GmeErrors.m; sourceTree = "<group>"; };
		5582E7BB1163066400520F69 /* AudioToolbox.framework */ = {isa = PBXFileReference; lastKnownFileType = wrapper.framework; name = AudioToolbox.framework; path = System/Library/Frameworks/AudioToolbox.framework; sourceTree = SDKROOT; };
		5582E8FF1163753000520F69 /* TrackTableDataSource.h */ = {isa = PBXFileReference; fileEncoding = 4; lastKnownFileType = sourcecode.c.h; path = TrackTableDataSource.h; sourceTree = "<group>"; };
		5582E9001163753000520F69 /* TrackTableDataSource.m */ = {isa = PBXFileReference; fileEncoding = 4; lastKnownFileType = sourcecode.c.objc; path = TrackTableDataSource.m; sourceTree = "<group>"; };
		5582E97C11637A3600520F69 /* TrackInfo.h */ = {isa = PBXFileReference; fileEncoding = 4; lastKnownFileType = sourcecode.c.h; path = TrackInfo.h; sourceTree = "<group>"; };
		5582E97D11637A3600520F69 /* TrackInfo.m */ = {isa = PBXFileReference; fileEncoding = 4; lastKnownFileType = sourcecode.c.objc; path = TrackInfo.m; sourceTree = "<group>"; };
		558E238A1167AEBF00771304 /* MusicPlayerStateMachineTest.h */ = {isa = PBXFileReference; fileEncoding = 4; lastKnownFileType = sourcecode.c.h; path = MusicPlayerStateMachineTest.h; sourceTree = "<group>"; };
		558E238B1167AEBF00771304 /* MusicPlayerStateMachineTest.m */ = {isa = PBXFileReference; fileEncoding = 4; lastKnownFileType = sourcecode.c.objc; path = MusicPlayerStateMachineTest.m; sourceTree = "<group>"; };
		558E239C1167AF2800771304 /* UnitTests.octest */ = {isa = PBXFileReference; explicitFileType = wrapper.cfbundle; includeInIndex = 0; path = UnitTests.octest; sourceTree = BUILT_PRODUCTS_DIR; };
		558E239D1167AF2800771304 /* Info.plist */ = {isa = PBXFileReference; lastKnownFileType = text.plist.xml; path = Info.plist; sourceTree = "<group>"; };
		558E242011683F6200771304 /* MockMusicPlayerActions.h */ = {isa = PBXFileReference; fileEncoding = 4; lastKnownFileType = sourcecode.c.h; path = MockMusicPlayerActions.h; sourceTree = "<group>"; };
		558E242111683F6200771304 /* MockMusicPlayerActions.m */ = {isa = PBXFileReference; fileEncoding = 4; lastKnownFileType = sourcecode.c.objc; path = MockMusicPlayerActions.m; sourceTree = "<group>"; };
		559A2FBE11657DE800E7F3F0 /* MusicPlayerStateMachine.h */ = {isa = PBXFileReference; fileEncoding = 4; lastKnownFileType = sourcecode.c.h; path = MusicPlayerStateMachine.h; sourceTree = "<group>"; };
		559A2FBF11657DE800E7F3F0 /* MusicPlayerStateMachine.m */ = {isa = PBXFileReference; fileEncoding = 4; lastKnownFileType = sourcecode.c.objc; path = MusicPlayerStateMachine.m; sourceTree = "<group>"; };
		559A2FF51165836C00E7F3F0 /* MusicPlayerActions.h */ = {isa = PBXFileReference; fileEncoding = 4; lastKnownFileType = sourcecode.c.h; path = MusicPlayerActions.h; sourceTree = "<group>"; };
		559A30101165850500E7F3F0 /* MusicPlayerAudioQueueOutput.h */ = {isa = PBXFileReference; fileEncoding = 4; lastKnownFileType = sourcecode.c.h; path = MusicPlayerAudioQueueOutput.h; sourceTree = "<group>"; };
		559A30111165850500E7F3F0 /* MusicPlayerAudioQueueOutput.m */ = {isa = PBXFileReference; fileEncoding = 4; lastKnownFileType = sourcecode.c.objc; path = MusicPlayerAudioQueueOutput.m; sourceTree = "<group>"; };
		559A32881166382300E7F3F0 /* GmeMusicFile.h */ = {isa = PBXFileReference; fileEncoding = 4; lastKnownFileType = sourcecode.c.h; path = GmeMusicFile.h; sourceTree = "<group>"; };
		559A32891166382300E7F3F0 /* GmeMusicFile.m */ = {isa = PBXFileReference; fileEncoding = 4; lastKnownFileType = sourcecode.c.objc; path = GmeMusicFile.m; sourceTree = "<group>"; };
		55EFE6F91175732500E2F8B6 /* 00changelog.i */ = {isa = PBXFileReference; fileEncoding = 4; lastKnownFileType = sourcecode.c.c.preprocessed; path = 00changelog.i; sourceTree = "<group>"; };
		55EFE6FA1175732500E2F8B6 /* branch */ = {isa = PBXFileReference; fileEncoding = 4; lastKnownFileType = text; path = branch; sourceTree = "<group>"; };
		55EFE6FB1175732500E2F8B6 /* branchheads.cache */ = {isa = PBXFileReference; fileEncoding = 4; lastKnownFileType = text; path = branchheads.cache; sourceTree = "<group>"; };
		55EFE6FC1175732500E2F8B6 /* dirstate */ = {isa = PBXFileReference; lastKnownFileType = file; path = dirstate; sourceTree = "<group>"; };
		55EFE6FD1175732500E2F8B6 /* hgrc */ = {isa = PBXFileReference; fileEncoding = 4; lastKnownFileType = text; path = hgrc; sourceTree = "<group>"; };
		55EFE6FE1175732500E2F8B6 /* requires */ = {isa = PBXFileReference; fileEncoding = 4; lastKnownFileType = text; path = requires; sourceTree = "<group>"; };
		55EFE7001175732500E2F8B6 /* 00changelog.i */ = {isa = PBXFileReference; fileEncoding = 4; lastKnownFileType = sourcecode.c.c.preprocessed; path = 00changelog.i; sourceTree = "<group>"; };
		55EFE7011175732500E2F8B6 /* 00manifest.i */ = {isa = PBXFileReference; fileEncoding = 4; lastKnownFileType = sourcecode.c.c.preprocessed; path = 00manifest.i; sourceTree = "<group>"; };
		55EFE7041175732500E2F8B6 /* _d_d_audio_component.h.i */ = {isa = PBXFileReference; fileEncoding = 4; lastKnownFileType = sourcecode.c.c.preprocessed; path = _d_d_audio_component.h.i; sourceTree = "<group>"; };
		55EFE7051175732500E2F8B6 /* _d_d_audio_component.m.i */ = {isa = PBXFileReference; fileEncoding = 4; lastKnownFileType = sourcecode.c.c.preprocessed; path = _d_d_audio_component.m.i; sourceTree = "<group>"; };
		55EFE7061175732500E2F8B6 /* _d_d_audio_exception.h.i */ = {isa = PBXFileReference; fileEncoding = 4; lastKnownFileType = sourcecode.c.c.preprocessed; path = _d_d_audio_exception.h.i; sourceTree = "<group>"; };
		55EFE7071175732500E2F8B6 /* _d_d_audio_exception.m.i */ = {isa = PBXFileReference; fileEncoding = 4; lastKnownFileType = sourcecode.c.c.preprocessed; path = _d_d_audio_exception.m.i; sourceTree = "<group>"; };
		55EFE7081175732500E2F8B6 /* _d_d_audio_unit.h.i */ = {isa = PBXFileReference; fileEncoding = 4; lastKnownFileType = sourcecode.c.c.preprocessed; path = _d_d_audio_unit.h.i; sourceTree = "<group>"; };
		55EFE7091175732500E2F8B6 /* _d_d_audio_unit.m.i */ = {isa = PBXFileReference; fileEncoding = 4; lastKnownFileType = sourcecode.c.c.preprocessed; path = _d_d_audio_unit.m.i; sourceTree = "<group>"; };
		55EFE70A1175732500E2F8B6 /* _d_d_audio_unit_graph.h.i */ = {isa = PBXFileReference; fileEncoding = 4; lastKnownFileType = sourcecode.c.c.preprocessed; path = _d_d_audio_unit_graph.h.i; sourceTree = "<group>"; };
		55EFE70B1175732500E2F8B6 /* _d_d_audio_unit_graph.m.i */ = {isa = PBXFileReference; fileEncoding = 4; lastKnownFileType = sourcecode.c.c.preprocessed; path = _d_d_audio_unit_graph.m.i; sourceTree = "<group>"; };
		55EFE70C1175732500E2F8B6 /* _d_d_audio_unit_node.h.i */ = {isa = PBXFileReference; fileEncoding = 4; lastKnownFileType = sourcecode.c.c.preprocessed; path = _d_d_audio_unit_node.h.i; sourceTree = "<group>"; };
		55EFE70D1175732500E2F8B6 /* _d_d_audio_unit_node.m.i */ = {isa = PBXFileReference; fileEncoding = 4; lastKnownFileType = sourcecode.c.c.preprocessed; path = _d_d_audio_unit_node.m.i; sourceTree = "<group>"; };
		55EFE70E1175732500E2F8B6 /* _d_d_audio_unit_preset.h.i */ = {isa = PBXFileReference; fileEncoding = 4; lastKnownFileType = sourcecode.c.c.preprocessed; path = _d_d_audio_unit_preset.h.i; sourceTree = "<group>"; };
		55EFE70F1175732500E2F8B6 /* _d_d_audio_unit_preset.m.i */ = {isa = PBXFileReference; fileEncoding = 4; lastKnownFileType = sourcecode.c.c.preprocessed; path = _d_d_audio_unit_preset.m.i; sourceTree = "<group>"; };
		55EFE7101175732500E2F8B6 /* _d_d_core_audio.h.i */ = {isa = PBXFileReference; fileEncoding = 4; lastKnownFileType = sourcecode.c.c.preprocessed; path = _d_d_core_audio.h.i; sourceTree = "<group>"; };
		55EFE7111175732500E2F8B6 /* fncache */ = {isa = PBXFileReference; fileEncoding = 4; lastKnownFileType = text; path = fncache; sourceTree = "<group>"; };
		55EFE7121175732500E2F8B6 /* undo */ = {isa = PBXFileReference; lastKnownFileType = file; path = undo; sourceTree = "<group>"; };
		55EFE7131175732500E2F8B6 /* tags.cache */ = {isa = PBXFileReference; fileEncoding = 4; lastKnownFileType = text; path = tags.cache; sourceTree = "<group>"; };
		55EFE7141175732500E2F8B6 /* undo.branch */ = {isa = PBXFileReference; fileEncoding = 4; lastKnownFileType = text; path = undo.branch; sourceTree = "<group>"; };
		55EFE7151175732500E2F8B6 /* undo.dirstate */ = {isa = PBXFileReference; fileEncoding = 4; lastKnownFileType = text; path = undo.dirstate; sourceTree = "<group>"; };
		55EFE7171175732500E2F8B6 /* DDAudioComponent.h */ = {isa = PBXFileReference; fileEncoding = 4; lastKnownFileType = sourcecode.c.h; path = DDAudioComponent.h; sourceTree = "<group>"; };
		55EFE7181175732500E2F8B6 /* DDAudioComponent.m */ = {isa = PBXFileReference; fileEncoding = 4; lastKnownFileType = sourcecode.c.objc; path = DDAudioComponent.m; sourceTree = "<group>"; };
		55EFE7191175732500E2F8B6 /* DDAudioException.h */ = {isa = PBXFileReference; fileEncoding = 4; lastKnownFileType = sourcecode.c.h; path = DDAudioException.h; sourceTree = "<group>"; };
		55EFE71A1175732500E2F8B6 /* DDAudioException.m */ = {isa = PBXFileReference; fileEncoding = 4; lastKnownFileType = sourcecode.c.objc; path = DDAudioException.m; sourceTree = "<group>"; };
		55EFE71B1175732500E2F8B6 /* DDAudioUnit.h */ = {isa = PBXFileReference; fileEncoding = 4; lastKnownFileType = sourcecode.c.h; path = DDAudioUnit.h; sourceTree = "<group>"; };
		55EFE71C1175732500E2F8B6 /* DDAudioUnit.m */ = {isa = PBXFileReference; fileEncoding = 4; lastKnownFileType = sourcecode.c.objc; path = DDAudioUnit.m; sourceTree = "<group>"; };
		55EFE71D1175732500E2F8B6 /* DDAudioUnitGraph.h */ = {isa = PBXFileReference; fileEncoding = 4; lastKnownFileType = sourcecode.c.h; path = DDAudioUnitGraph.h; sourceTree = "<group>"; };
		55EFE71E1175732500E2F8B6 /* DDAudioUnitGraph.m */ = {isa = PBXFileReference; fileEncoding = 4; lastKnownFileType = sourcecode.c.objc; path = DDAudioUnitGraph.m; sourceTree = "<group>"; };
		55EFE71F1175732500E2F8B6 /* DDAudioUnitNode.h */ = {isa = PBXFileReference; fileEncoding = 4; lastKnownFileType = sourcecode.c.h; path = DDAudioUnitNode.h; sourceTree = "<group>"; };
		55EFE7201175732500E2F8B6 /* DDAudioUnitNode.m */ = {isa = PBXFileReference; fileEncoding = 4; lastKnownFileType = sourcecode.c.objc; path = DDAudioUnitNode.m; sourceTree = "<group>"; };
		55EFE7211175732500E2F8B6 /* DDAudioUnitPreset.h */ = {isa = PBXFileReference; fileEncoding = 4; lastKnownFileType = sourcecode.c.h; path = DDAudioUnitPreset.h; sourceTree = "<group>"; };
		55EFE7221175732500E2F8B6 /* DDAudioUnitPreset.m */ = {isa = PBXFileReference; fileEncoding = 4; lastKnownFileType = sourcecode.c.objc; path = DDAudioUnitPreset.m; sourceTree = "<group>"; };
		55EFE7231175732500E2F8B6 /* DDCoreAudio.h */ = {isa = PBXFileReference; fileEncoding = 4; lastKnownFileType = sourcecode.c.h; path = DDCoreAudio.h; sourceTree = "<group>"; };
		8D15AC360486D014006FF6A4 /* Retro_Player-Info.plist */ = {isa = PBXFileReference; fileEncoding = 4; lastKnownFileType = text.plist.xml; path = "Retro_Player-Info.plist"; sourceTree = "<group>"; };
		8D15AC370486D014006FF6A4 /* Retro Player.app */ = {isa = PBXFileReference; explicitFileType = wrapper.application; includeInIndex = 0; path = "Retro Player.app"; sourceTree = BUILT_PRODUCTS_DIR; };
/* End PBXFileReference section */

/* Begin PBXFrameworksBuildPhase section */
		558E23991167AF2800771304 /* Frameworks */ = {
			isa = PBXFrameworksBuildPhase;
			buildActionMask = 2147483647;
			files = (
			);
			runOnlyForDeploymentPostprocessing = 0;
		};
		8D15AC330486D014006FF6A4 /* Frameworks */ = {
			isa = PBXFrameworksBuildPhase;
			buildActionMask = 2147483647;
			files = (
				8D15AC340486D014006FF6A4 /* Cocoa.framework in Frameworks */,
				5582E7BC1163066400520F69 /* AudioToolbox.framework in Frameworks */,
			);
			runOnlyForDeploymentPostprocessing = 0;
		};
/* End PBXFrameworksBuildPhase section */

/* Begin PBXGroup section */
		1058C7A6FEA54F5311CA2CBB /* Linked Frameworks */ = {
			isa = PBXGroup;
			children = (
				1058C7A7FEA54F5311CA2CBB /* Cocoa.framework */,
			);
			name = "Linked Frameworks";
			sourceTree = "<group>";
		};
		1058C7A8FEA54F5311CA2CBB /* Other Frameworks */ = {
			isa = PBXGroup;
			children = (
				2A37F4C4FDCFA73011CA2CEA /* AppKit.framework */,
				13E42FBA07B3F13500E4EEF1 /* CoreData.framework */,
				2A37F4C5FDCFA73011CA2CEA /* Foundation.framework */,
			);
			name = "Other Frameworks";
			sourceTree = "<group>";
		};
		19C28FB0FE9D524F11CA2CBB /* Products */ = {
			isa = PBXGroup;
			children = (
				8D15AC370486D014006FF6A4 /* Retro Player.app */,
				558E239C1167AF2800771304 /* UnitTests.octest */,
			);
			name = Products;
			sourceTree = "<group>";
		};
		2A37F4AAFDCFA73011CA2CEA /* Retro Player */ = {
			isa = PBXGroup;
			children = (
				2A37F4ABFDCFA73011CA2CEA /* Classes */,
				2A37F4AFFDCFA73011CA2CEA /* Other Sources */,
				55EFE6F61175732500E2F8B6 /* ThirdParty */,
				2A37F4B8FDCFA73011CA2CEA /* Resources */,
				558E23891167AE9000771304 /* UnitTests */,
				2A37F4C3FDCFA73011CA2CEA /* Frameworks */,
				19C28FB0FE9D524F11CA2CBB /* Products */,
				5582E7BB1163066400520F69 /* AudioToolbox.framework */,
			);
			name = "Retro Player";
			sourceTree = "<group>";
		};
		2A37F4ABFDCFA73011CA2CEA /* Classes */ = {
			isa = PBXGroup;
			children = (
				2A37F4AEFDCFA73011CA2CEA /* MyDocument.h */,
				2A37F4ACFDCFA73011CA2CEA /* MyDocument.m */,
				5582E8FF1163753000520F69 /* TrackTableDataSource.h */,
				5582E9001163753000520F69 /* TrackTableDataSource.m */,
				559A30101165850500E7F3F0 /* MusicPlayerAudioQueueOutput.h */,
				559A30111165850500E7F3F0 /* MusicPlayerAudioQueueOutput.m */,
				559A2FBE11657DE800E7F3F0 /* MusicPlayerStateMachine.h */,
				559A2FBF11657DE800E7F3F0 /* MusicPlayerStateMachine.m */,
				559A2FF51165836C00E7F3F0 /* MusicPlayerActions.h */,
				55739AE8116C456400AF4914 /* GME Adapter */,
			);
			name = Classes;
			sourceTree = "<group>";
		};
		2A37F4AFFDCFA73011CA2CEA /* Other Sources */ = {
			isa = PBXGroup;
			children = (
				2564AD2C0F5327BB00F57823 /* Retro_Player_Prefix.pch */,
				2A37F4B0FDCFA73011CA2CEA /* main.m */,
			);
			name = "Other Sources";
			sourceTree = "<group>";
		};
		2A37F4B8FDCFA73011CA2CEA /* Resources */ = {
			isa = PBXGroup;
			children = (
				2A37F4B9FDCFA73011CA2CEA /* Credits.rtf */,
				8D15AC360486D014006FF6A4 /* Retro_Player-Info.plist */,
				089C165FFE840EACC02AAC07 /* InfoPlist.strings */,
				1DDD58280DA1D0D100B32029 /* MyDocument.xib */,
				1DDD582A0DA1D0D100B32029 /* MainMenu.xib */,
			);
			name = Resources;
			sourceTree = "<group>";
		};
		2A37F4C3FDCFA73011CA2CEA /* Frameworks */ = {
			isa = PBXGroup;
			children = (
				1058C7A6FEA54F5311CA2CBB /* Linked Frameworks */,
				1058C7A8FEA54F5311CA2CBB /* Other Frameworks */,
			);
			name = Frameworks;
			sourceTree = "<group>";
		};
		55739AE8116C456400AF4914 /* GME Adapter */ = {
			isa = PBXGroup;
			children = (
				559A32881166382300E7F3F0 /* GmeMusicFile.h */,
				559A32891166382300E7F3F0 /* GmeMusicFile.m */,
				5582E97C11637A3600520F69 /* TrackInfo.h */,
				5582E97D11637A3600520F69 /* TrackInfo.m */,
				5582E7661163023300520F69 /* GmeErrors.h */,
				5582E7671163023300520F69 /* GmeErrors.m */,
				5582E7061162F99C00520F69 /* MusicEmu.h */,
				5582E7071162F99C00520F69 /* MusicEmu.mm */,
			);
			name = "GME Adapter";
			sourceTree = "<group>";
		};
		5582E52B1162F62900520F69 /* GameMusicEmu */ = {
			isa = PBXGroup;
			children = (
				5582E5BD1162F62900520F69 /* gme */,
				5582E5B61162F62900520F69 /* demo */,
				5582E6231162F62A00520F69 /* player */,
				5582E5B51162F62900520F69 /* changes.txt */,
				5582E5BC1162F62900520F69 /* design.txt */,
				5582E6211162F62A00520F69 /* gme.txt */,
				5582E6221162F62A00520F69 /* license.txt */,
				5582E6291162F62A00520F69 /* readme.txt */,
			);
			path = GameMusicEmu;
			sourceTree = "<group>";
		};
		5582E5B61162F62900520F69 /* demo */ = {
			isa = PBXGroup;
			children = (
				5582E5B71162F62900520F69 /* basics.c */,
				5582E5B81162F62900520F69 /* cpp_basics.cpp */,
				5582E5B91162F62900520F69 /* features.c */,
				5582E5BA1162F62900520F69 /* Wave_Writer.cpp */,
				5582E5BB1162F62900520F69 /* Wave_Writer.h */,
			);
			path = demo;
			sourceTree = "<group>";
		};
		5582E5BD1162F62900520F69 /* gme */ = {
			isa = PBXGroup;
			children = (
				5582E5BE1162F62900520F69 /* Ay_Apu.cpp */,
				5582E5BF1162F62900520F69 /* Ay_Apu.h */,
				5582E5C01162F62900520F69 /* Ay_Cpu.cpp */,
				5582E5C11162F62900520F69 /* Ay_Cpu.h */,
				5582E5C21162F62900520F69 /* Ay_Emu.cpp */,
				5582E5C31162F62900520F69 /* Ay_Emu.h */,
				5582E5C41162F62900520F69 /* blargg_common.h */,
				5582E5C51162F62900520F69 /* blargg_config.h */,
				5582E5C61162F62900520F69 /* blargg_endian.h */,
				5582E5C71162F62900520F69 /* blargg_source.h */,
				5582E5C81162F62900520F69 /* Blip_Buffer.cpp */,
				5582E5C91162F62900520F69 /* Blip_Buffer.h */,
				5582E5CA1162F62900520F69 /* Classic_Emu.cpp */,
				5582E5CB1162F62900520F69 /* Classic_Emu.h */,
				5582E5CC1162F62900520F69 /* Data_Reader.cpp */,
				5582E5CD1162F62900520F69 /* Data_Reader.h */,
				5582E5CE1162F62900520F69 /* Dual_Resampler.cpp */,
				5582E5CF1162F62900520F69 /* Dual_Resampler.h */,
				5582E5D01162F62900520F69 /* Effects_Buffer.cpp */,
				5582E5D11162F62900520F69 /* Effects_Buffer.h */,
				5582E5D21162F62900520F69 /* Fir_Resampler.cpp */,
				5582E5D31162F62900520F69 /* Fir_Resampler.h */,
				5582E5D41162F62900520F69 /* Gb_Apu.cpp */,
				5582E5D51162F62900520F69 /* Gb_Apu.h */,
				5582E5D61162F62900520F69 /* Gb_Cpu.cpp */,
				5582E5D71162F62900520F69 /* Gb_Cpu.h */,
				5582E5D81162F62900520F69 /* gb_cpu_io.h */,
				5582E5D91162F62900520F69 /* Gb_Oscs.cpp */,
				5582E5DA1162F62900520F69 /* Gb_Oscs.h */,
				5582E5DB1162F62900520F69 /* Gbs_Emu.cpp */,
				5582E5DC1162F62900520F69 /* Gbs_Emu.h */,
				5582E5DD1162F62900520F69 /* gme.cpp */,
				5582E5DE1162F62900520F69 /* gme.h */,
				5582E5DF1162F62900520F69 /* Gme_File.cpp */,
				5582E5E01162F62900520F69 /* Gme_File.h */,
				5582E5E11162F62900520F69 /* Gym_Emu.cpp */,
				5582E5E21162F62900520F69 /* Gym_Emu.h */,
				5582E5E31162F62900520F69 /* Hes_Apu.cpp */,
				5582E5E41162F62900520F69 /* Hes_Apu.h */,
				5582E5E51162F62900520F69 /* Hes_Cpu.cpp */,
				5582E5E61162F62900520F69 /* Hes_Cpu.h */,
				5582E5E71162F62900520F69 /* hes_cpu_io.h */,
				5582E5E81162F62900520F69 /* Hes_Emu.cpp */,
				5582E5E91162F62900520F69 /* Hes_Emu.h */,
				5582E5EA1162F62900520F69 /* Kss_Cpu.cpp */,
				5582E5EB1162F62900520F69 /* Kss_Cpu.h */,
				5582E5EC1162F62900520F69 /* Kss_Emu.cpp */,
				5582E5ED1162F62900520F69 /* Kss_Emu.h */,
				5582E5EE1162F62900520F69 /* Kss_Scc_Apu.cpp */,
				5582E5EF1162F62900520F69 /* Kss_Scc_Apu.h */,
				5582E5F01162F62900520F69 /* M3u_Playlist.cpp */,
				5582E5F11162F62900520F69 /* M3u_Playlist.h */,
				5582E5F21162F62900520F69 /* Multi_Buffer.cpp */,
				5582E5F31162F62900520F69 /* Multi_Buffer.h */,
				5582E5F41162F62900520F69 /* Music_Emu.cpp */,
				5582E5F51162F62900520F69 /* Music_Emu.h */,
				5582E5F61162F62900520F69 /* Nes_Apu.cpp */,
				5582E5F71162F62900520F69 /* Nes_Apu.h */,
				5582E5F81162F62900520F69 /* Nes_Cpu.cpp */,
				5582E5F91162F62900520F69 /* Nes_Cpu.h */,
				5582E5FA1162F62900520F69 /* nes_cpu_io.h */,
				5582E5FB1162F62900520F69 /* Nes_Fme7_Apu.cpp */,
				5582E5FC1162F62900520F69 /* Nes_Fme7_Apu.h */,
				5582E5FD1162F62900520F69 /* Nes_Namco_Apu.cpp */,
				5582E5FE1162F62900520F69 /* Nes_Namco_Apu.h */,
				5582E5FF1162F62900520F69 /* Nes_Oscs.cpp */,
				5582E6001162F62900520F69 /* Nes_Oscs.h */,
				5582E6011162F62900520F69 /* Nes_Vrc6_Apu.cpp */,
				5582E6021162F62900520F69 /* Nes_Vrc6_Apu.h */,
				5582E6031162F62900520F69 /* Nsf_Emu.cpp */,
				5582E6041162F62900520F69 /* Nsf_Emu.h */,
				5582E6051162F62900520F69 /* Nsfe_Emu.cpp */,
				5582E6061162F62900520F69 /* Nsfe_Emu.h */,
				5582E6071162F62900520F69 /* Sap_Apu.cpp */,
				5582E6081162F62900520F69 /* Sap_Apu.h */,
				5582E6091162F62900520F69 /* Sap_Cpu.cpp */,
				5582E60A1162F62900520F69 /* Sap_Cpu.h */,
				5582E60B1162F62900520F69 /* sap_cpu_io.h */,
				5582E60C1162F62900520F69 /* Sap_Emu.cpp */,
				5582E60D1162F62900520F69 /* Sap_Emu.h */,
				5582E60E1162F62900520F69 /* Sms_Apu.cpp */,
				5582E60F1162F62900520F69 /* Sms_Apu.h */,
				5582E6101162F62900520F69 /* Sms_Oscs.h */,
				5582E6111162F62900520F69 /* Snes_Spc.cpp */,
				5582E6121162F62900520F69 /* Snes_Spc.h */,
				5582E6131162F62900520F69 /* Spc_Cpu.cpp */,
				5582E6141162F62900520F69 /* Spc_Cpu.h */,
				5582E6151162F62900520F69 /* Spc_Dsp.cpp */,
				5582E6161162F62900520F69 /* Spc_Dsp.h */,
				5582E6171162F62900520F69 /* Spc_Emu.cpp */,
				5582E6181162F62900520F69 /* Spc_Emu.h */,
				5582E6191162F62900520F69 /* Vgm_Emu.cpp */,
				5582E61A1162F62900520F69 /* Vgm_Emu.h */,
				5582E61B1162F62A00520F69 /* Vgm_Emu_Impl.cpp */,
				5582E61C1162F62A00520F69 /* Vgm_Emu_Impl.h */,
				5582E61D1162F62A00520F69 /* Ym2413_Emu.cpp */,
				5582E61E1162F62A00520F69 /* Ym2413_Emu.h */,
				5582E61F1162F62A00520F69 /* Ym2612_Emu.cpp */,
				5582E6201162F62A00520F69 /* Ym2612_Emu.h */,
			);
			path = gme;
			sourceTree = "<group>";
		};
		5582E6231162F62A00520F69 /* player */ = {
			isa = PBXGroup;
			children = (
				5582E6241162F62A00520F69 /* Audio_Scope.cpp */,
				5582E6251162F62A00520F69 /* Audio_Scope.h */,
				5582E6261162F62A00520F69 /* Music_Player.cpp */,
				5582E6271162F62A00520F69 /* Music_Player.h */,
				5582E6281162F62A00520F69 /* player.cpp */,
			);
			path = player;
			sourceTree = "<group>";
		};
		558E23891167AE9000771304 /* UnitTests */ = {
			isa = PBXGroup;
			children = (
				558E238A1167AEBF00771304 /* MusicPlayerStateMachineTest.h */,
				558E238B1167AEBF00771304 /* MusicPlayerStateMachineTest.m */,
				558E242011683F6200771304 /* MockMusicPlayerActions.h */,
				558E242111683F6200771304 /* MockMusicPlayerActions.m */,
				558E239D1167AF2800771304 /* Info.plist */,
			);
			path = UnitTests;
			sourceTree = "<group>";
		};
		55EFE6F61175732500E2F8B6 /* ThirdParty */ = {
			isa = PBXGroup;
			children = (
				5582E52B1162F62900520F69 /* GameMusicEmu */,
				55EFE6F71175732500E2F8B6 /* DDCoreAudio */,
			);
			path = ThirdParty;
			sourceTree = "<group>";
		};
		55EFE6F71175732500E2F8B6 /* DDCoreAudio */ = {
			isa = PBXGroup;
			children = (
				55EFE6F81175732500E2F8B6 /* .hg */,
				55EFE7161175732500E2F8B6 /* lib */,
			);
			path = DDCoreAudio;
			sourceTree = "<group>";
		};
		55EFE6F81175732500E2F8B6 /* .hg */ = {
			isa = PBXGroup;
			children = (
				55EFE6F91175732500E2F8B6 /* 00changelog.i */,
				55EFE6FA1175732500E2F8B6 /* branch */,
				55EFE6FB1175732500E2F8B6 /* branchheads.cache */,
				55EFE6FC1175732500E2F8B6 /* dirstate */,
				55EFE6FD1175732500E2F8B6 /* hgrc */,
				55EFE6FE1175732500E2F8B6 /* requires */,
				55EFE6FF1175732500E2F8B6 /* store */,
				55EFE7131175732500E2F8B6 /* tags.cache */,
				55EFE7141175732500E2F8B6 /* undo.branch */,
				55EFE7151175732500E2F8B6 /* undo.dirstate */,
			);
			path = .hg;
			sourceTree = "<group>";
		};
		55EFE6FF1175732500E2F8B6 /* store */ = {
			isa = PBXGroup;
			children = (
				55EFE7001175732500E2F8B6 /* 00changelog.i */,
				55EFE7011175732500E2F8B6 /* 00manifest.i */,
				55EFE7021175732500E2F8B6 /* data */,
				55EFE7111175732500E2F8B6 /* fncache */,
				55EFE7121175732500E2F8B6 /* undo */,
			);
			path = store;
			sourceTree = "<group>";
		};
		55EFE7021175732500E2F8B6 /* data */ = {
			isa = PBXGroup;
			children = (
				55EFE7031175732500E2F8B6 /* lib */,
			);
			path = data;
			sourceTree = "<group>";
		};
		55EFE7031175732500E2F8B6 /* lib */ = {
			isa = PBXGroup;
			children = (
				55EFE7041175732500E2F8B6 /* _d_d_audio_component.h.i */,
				55EFE7051175732500E2F8B6 /* _d_d_audio_component.m.i */,
				55EFE7061175732500E2F8B6 /* _d_d_audio_exception.h.i */,
				55EFE7071175732500E2F8B6 /* _d_d_audio_exception.m.i */,
				55EFE7081175732500E2F8B6 /* _d_d_audio_unit.h.i */,
				55EFE7091175732500E2F8B6 /* _d_d_audio_unit.m.i */,
				55EFE70A1175732500E2F8B6 /* _d_d_audio_unit_graph.h.i */,
				55EFE70B1175732500E2F8B6 /* _d_d_audio_unit_graph.m.i */,
				55EFE70C1175732500E2F8B6 /* _d_d_audio_unit_node.h.i */,
				55EFE70D1175732500E2F8B6 /* _d_d_audio_unit_node.m.i */,
				55EFE70E1175732500E2F8B6 /* _d_d_audio_unit_preset.h.i */,
				55EFE70F1175732500E2F8B6 /* _d_d_audio_unit_preset.m.i */,
				55EFE7101175732500E2F8B6 /* _d_d_core_audio.h.i */,
			);
			path = lib;
			sourceTree = "<group>";
		};
		55EFE7161175732500E2F8B6 /* lib */ = {
			isa = PBXGroup;
			children = (
				55EFE7171175732500E2F8B6 /* DDAudioComponent.h */,
				55EFE7181175732500E2F8B6 /* DDAudioComponent.m */,
				55EFE7191175732500E2F8B6 /* DDAudioException.h */,
				55EFE71A1175732500E2F8B6 /* DDAudioException.m */,
				55EFE71B1175732500E2F8B6 /* DDAudioUnit.h */,
				55EFE71C1175732500E2F8B6 /* DDAudioUnit.m */,
				55EFE71D1175732500E2F8B6 /* DDAudioUnitGraph.h */,
				55EFE71E1175732500E2F8B6 /* DDAudioUnitGraph.m */,
				55EFE71F1175732500E2F8B6 /* DDAudioUnitNode.h */,
				55EFE7201175732500E2F8B6 /* DDAudioUnitNode.m */,
				55EFE7211175732500E2F8B6 /* DDAudioUnitPreset.h */,
				55EFE7221175732500E2F8B6 /* DDAudioUnitPreset.m */,
				55EFE7231175732500E2F8B6 /* DDCoreAudio.h */,
			);
			path = lib;
			sourceTree = "<group>";
		};
/* End PBXGroup section */

/* Begin PBXNativeTarget section */
		558E239B1167AF2800771304 /* UnitTests */ = {
			isa = PBXNativeTarget;
			buildConfigurationList = 558E23A21167AF2900771304 /* Build configuration list for PBXNativeTarget "UnitTests" */;
			buildPhases = (
				558E23971167AF2800771304 /* Resources */,
				558E23DB1167B7CC00771304 /* Copy Frameworks */,
				558E23981167AF2800771304 /* Sources */,
				558E23991167AF2800771304 /* Frameworks */,
				558E239A1167AF2800771304 /* ShellScript */,
			);
			buildRules = (
			);
			dependencies = (
				558E24B211684CF200771304 /* PBXTargetDependency */,
			);
			name = UnitTests;
			productName = UnitTests;
			productReference = 558E239C1167AF2800771304 /* UnitTests.octest */;
			productType = "com.apple.product-type.bundle";
		};
		8D15AC270486D014006FF6A4 /* Retro Player */ = {
			isa = PBXNativeTarget;
			buildConfigurationList = C05733C708A9546B00998B17 /* Build configuration list for PBXNativeTarget "Retro Player" */;
			buildPhases = (
				8D15AC2B0486D014006FF6A4 /* Resources */,
				8D15AC300486D014006FF6A4 /* Sources */,
				8D15AC330486D014006FF6A4 /* Frameworks */,
			);
			buildRules = (
			);
			dependencies = (
			);
			name = "Retro Player";
			productInstallPath = "$(HOME)/Applications";
			productName = "Retro Player";
			productReference = 8D15AC370486D014006FF6A4 /* Retro Player.app */;
			productType = "com.apple.product-type.application";
		};
/* End PBXNativeTarget section */

/* Begin PBXProject section */
		2A37F4A9FDCFA73011CA2CEA /* Project object */ = {
			isa = PBXProject;
			buildConfigurationList = C05733CB08A9546B00998B17 /* Build configuration list for PBXProject "RetroPlayer" */;
			compatibilityVersion = "Xcode 3.1";
			hasScannedForEncodings = 1;
			mainGroup = 2A37F4AAFDCFA73011CA2CEA /* Retro Player */;
			projectDirPath = "";
			projectRoot = "";
			targets = (
				8D15AC270486D014006FF6A4 /* Retro Player */,
				558E239B1167AF2800771304 /* UnitTests */,
			);
		};
/* End PBXProject section */

/* Begin PBXResourcesBuildPhase section */
		558E23971167AF2800771304 /* Resources */ = {
			isa = PBXResourcesBuildPhase;
			buildActionMask = 2147483647;
			files = (
			);
			runOnlyForDeploymentPostprocessing = 0;
		};
		8D15AC2B0486D014006FF6A4 /* Resources */ = {
			isa = PBXResourcesBuildPhase;
			buildActionMask = 2147483647;
			files = (
				8D15AC2C0486D014006FF6A4 /* Credits.rtf in Resources */,
				8D15AC2F0486D014006FF6A4 /* InfoPlist.strings in Resources */,
				1DDD582C0DA1D0D100B32029 /* MyDocument.xib in Resources */,
				1DDD582D0DA1D0D100B32029 /* MainMenu.xib in Resources */,
			);
			runOnlyForDeploymentPostprocessing = 0;
		};
/* End PBXResourcesBuildPhase section */

/* Begin PBXShellScriptBuildPhase section */
		558E239A1167AF2800771304 /* ShellScript */ = {
			isa = PBXShellScriptBuildPhase;
			buildActionMask = 2147483647;
			files = (
			);
			inputPaths = (
			);
			outputPaths = (
			);
			runOnlyForDeploymentPostprocessing = 0;
			shellPath = /bin/sh;
			shellScript = "# Run the unit tests in this test bundle.\n\"${SYSTEM_DEVELOPER_DIR}/Tools/RunUnitTests\"\n";
		};
/* End PBXShellScriptBuildPhase section */

/* Begin PBXSourcesBuildPhase section */
		558E23981167AF2800771304 /* Sources */ = {
			isa = PBXSourcesBuildPhase;
			buildActionMask = 2147483647;
			files = (
				558E23A31167AF3600771304 /* MusicPlayerStateMachine.m in Sources */,
				558E23A41167AF3F00771304 /* MusicPlayerStateMachineTest.m in Sources */,
				558E242211683F6200771304 /* MockMusicPlayerActions.m in Sources */,
			);
			runOnlyForDeploymentPostprocessing = 0;
		};
		8D15AC300486D014006FF6A4 /* Sources */ = {
			isa = PBXSourcesBuildPhase;
			buildActionMask = 2147483647;
			files = (
				8D15AC310486D014006FF6A4 /* MyDocument.m in Sources */,
				8D15AC320486D014006FF6A4 /* main.m in Sources */,
				5582E6B51162F62A00520F69 /* Ay_Apu.cpp in Sources */,
				5582E6B61162F62A00520F69 /* Ay_Cpu.cpp in Sources */,
				5582E6B71162F62A00520F69 /* Ay_Emu.cpp in Sources */,
				5582E6B81162F62A00520F69 /* Blip_Buffer.cpp in Sources */,
				5582E6B91162F62A00520F69 /* Classic_Emu.cpp in Sources */,
				5582E6BA1162F62A00520F69 /* Data_Reader.cpp in Sources */,
				5582E6BB1162F62A00520F69 /* Dual_Resampler.cpp in Sources */,
				5582E6BC1162F62A00520F69 /* Effects_Buffer.cpp in Sources */,
				5582E6BD1162F62A00520F69 /* Fir_Resampler.cpp in Sources */,
				5582E6BE1162F62A00520F69 /* Gb_Apu.cpp in Sources */,
				5582E6BF1162F62A00520F69 /* Gb_Cpu.cpp in Sources */,
				5582E6C01162F62A00520F69 /* Gb_Oscs.cpp in Sources */,
				5582E6C11162F62A00520F69 /* Gbs_Emu.cpp in Sources */,
				5582E6C21162F62A00520F69 /* gme.cpp in Sources */,
				5582E6C31162F62A00520F69 /* Gme_File.cpp in Sources */,
				5582E6C41162F62A00520F69 /* Gym_Emu.cpp in Sources */,
				5582E6C51162F62A00520F69 /* Hes_Apu.cpp in Sources */,
				5582E6C61162F62A00520F69 /* Hes_Cpu.cpp in Sources */,
				5582E6C71162F62A00520F69 /* Hes_Emu.cpp in Sources */,
				5582E6C81162F62A00520F69 /* Kss_Cpu.cpp in Sources */,
				5582E6C91162F62A00520F69 /* Kss_Emu.cpp in Sources */,
				5582E6CA1162F62A00520F69 /* Kss_Scc_Apu.cpp in Sources */,
				5582E6CB1162F62A00520F69 /* M3u_Playlist.cpp in Sources */,
				5582E6CC1162F62A00520F69 /* Multi_Buffer.cpp in Sources */,
				5582E6CD1162F62A00520F69 /* Music_Emu.cpp in Sources */,
				5582E6CE1162F62A00520F69 /* Nes_Apu.cpp in Sources */,
				5582E6CF1162F62A00520F69 /* Nes_Cpu.cpp in Sources */,
				5582E6D01162F62A00520F69 /* Nes_Fme7_Apu.cpp in Sources */,
				5582E6D11162F62A00520F69 /* Nes_Namco_Apu.cpp in Sources */,
				5582E6D21162F62A00520F69 /* Nes_Oscs.cpp in Sources */,
				5582E6D31162F62A00520F69 /* Nes_Vrc6_Apu.cpp in Sources */,
				5582E6D41162F62A00520F69 /* Nsf_Emu.cpp in Sources */,
				5582E6D51162F62A00520F69 /* Nsfe_Emu.cpp in Sources */,
				5582E6D61162F62A00520F69 /* Sap_Apu.cpp in Sources */,
				5582E6D71162F62A00520F69 /* Sap_Cpu.cpp in Sources */,
				5582E6D81162F62A00520F69 /* Sap_Emu.cpp in Sources */,
				5582E6D91162F62A00520F69 /* Sms_Apu.cpp in Sources */,
				5582E6DA1162F62A00520F69 /* Snes_Spc.cpp in Sources */,
				5582E6DB1162F62A00520F69 /* Spc_Cpu.cpp in Sources */,
				5582E6DC1162F62A00520F69 /* Spc_Dsp.cpp in Sources */,
				5582E6DD1162F62A00520F69 /* Spc_Emu.cpp in Sources */,
				5582E6DE1162F62A00520F69 /* Vgm_Emu.cpp in Sources */,
				5582E6DF1162F62A00520F69 /* Vgm_Emu_Impl.cpp in Sources */,
				5582E6E01162F62A00520F69 /* Ym2413_Emu.cpp in Sources */,
				5582E6E11162F62A00520F69 /* Ym2612_Emu.cpp in Sources */,
				5582E7081162F99C00520F69 /* MusicEmu.mm in Sources */,
				5582E7681163023300520F69 /* GmeErrors.m in Sources */,
				5582E9011163753000520F69 /* TrackTableDataSource.m in Sources */,
				5582E97E11637A3600520F69 /* TrackInfo.m in Sources */,
				559A2FC011657DE800E7F3F0 /* MusicPlayerStateMachine.m in Sources */,
				559A30121165850500E7F3F0 /* MusicPlayerAudioQueueOutput.m in Sources */,
				559A328A1166382300E7F3F0 /* GmeMusicFile.m in Sources */,
			);
			runOnlyForDeploymentPostprocessing = 0;
		};
/* End PBXSourcesBuildPhase section */

/* Begin PBXTargetDependency section */
		558E24B211684CF200771304 /* PBXTargetDependency */ = {
			isa = PBXTargetDependency;
			target = 8D15AC270486D014006FF6A4 /* Retro Player */;
			targetProxy = 558E24B111684CF200771304 /* PBXContainerItemProxy */;
		};
/* End PBXTargetDependency section */

/* Begin PBXVariantGroup section */
		089C165FFE840EACC02AAC07 /* InfoPlist.strings */ = {
			isa = PBXVariantGroup;
			children = (
				089C1660FE840EACC02AAC07 /* English */,
			);
			name = InfoPlist.strings;
			sourceTree = "<group>";
		};
		1DDD58280DA1D0D100B32029 /* MyDocument.xib */ = {
			isa = PBXVariantGroup;
			children = (
				1DDD58290DA1D0D100B32029 /* English */,
			);
			name = MyDocument.xib;
			sourceTree = "<group>";
		};
		1DDD582A0DA1D0D100B32029 /* MainMenu.xib */ = {
			isa = PBXVariantGroup;
			children = (
				1DDD582B0DA1D0D100B32029 /* English */,
			);
			name = MainMenu.xib;
			sourceTree = "<group>";
		};
		2A37F4B9FDCFA73011CA2CEA /* Credits.rtf */ = {
			isa = PBXVariantGroup;
			children = (
				2A37F4BAFDCFA73011CA2CEA /* English */,
			);
			name = Credits.rtf;
			sourceTree = "<group>";
		};
/* End PBXVariantGroup section */

/* Begin XCBuildConfiguration section */
		558E23A01167AF2900771304 /* Debug */ = {
			isa = XCBuildConfiguration;
			buildSettings = {
				ALWAYS_SEARCH_USER_PATHS = NO;
				COPY_PHASE_STRIP = NO;
				FRAMEWORK_SEARCH_PATHS = (
					"$(DEVELOPER_LIBRARY_DIR)/Frameworks",
					"\"$(SRCROOT)/ThirdParty/OCMock\"",
				);
				GCC_DYNAMIC_NO_PIC = NO;
				GCC_ENABLE_FIX_AND_CONTINUE = NO;
				GCC_ENABLE_OBJC_EXCEPTIONS = YES;
				GCC_MODEL_TUNING = G5;
				GCC_OPTIMIZATION_LEVEL = 0;
				GCC_PRECOMPILE_PREFIX_HEADER = YES;
				GCC_PREFIX_HEADER = "$(SYSTEM_LIBRARY_DIR)/Frameworks/Cocoa.framework/Headers/Cocoa.h";
				INFOPLIST_FILE = UnitTests/Info.plist;
				INSTALL_PATH = "$(USER_LIBRARY_DIR)/Bundles";
				LD_RUNPATH_SEARCH_PATHS = "@loader_path/../Frameworks";
				OTHER_LDFLAGS = (
					"-framework",
					Cocoa,
					"-framework",
					SenTestingKit,
				);
				PREBINDING = NO;
				PRODUCT_NAME = UnitTests;
				WRAPPER_EXTENSION = octest;
			};
			name = Debug;
		};
		558E23A11167AF2900771304 /* Release */ = {
			isa = XCBuildConfiguration;
			buildSettings = {
				ALWAYS_SEARCH_USER_PATHS = NO;
				COPY_PHASE_STRIP = YES;
				DEBUG_INFORMATION_FORMAT = "dwarf-with-dsym";
				FRAMEWORK_SEARCH_PATHS = (
					"$(DEVELOPER_LIBRARY_DIR)/Frameworks",
					"\"$(SRCROOT)/ThirdParty/OCMock\"",
				);
				GCC_ENABLE_FIX_AND_CONTINUE = NO;
				GCC_ENABLE_OBJC_EXCEPTIONS = YES;
				GCC_MODEL_TUNING = G5;
				GCC_PRECOMPILE_PREFIX_HEADER = YES;
				GCC_PREFIX_HEADER = "$(SYSTEM_LIBRARY_DIR)/Frameworks/Cocoa.framework/Headers/Cocoa.h";
				INFOPLIST_FILE = UnitTests/Info.plist;
				INSTALL_PATH = "$(USER_LIBRARY_DIR)/Bundles";
				LD_RUNPATH_SEARCH_PATHS = "@loader_path/../Frameworks";
				OTHER_LDFLAGS = (
					"-framework",
					Cocoa,
					"-framework",
					SenTestingKit,
				);
				PREBINDING = NO;
				PRODUCT_NAME = UnitTests;
				WRAPPER_EXTENSION = octest;
				ZERO_LINK = NO;
			};
			name = Release;
		};
		C05733C808A9546B00998B17 /* Debug */ = {
			isa = XCBuildConfiguration;
			buildSettings = {
				ALWAYS_SEARCH_USER_PATHS = NO;
				COPY_PHASE_STRIP = NO;
				GCC_DYNAMIC_NO_PIC = NO;
				GCC_ENABLE_FIX_AND_CONTINUE = YES;
				GCC_MODEL_TUNING = G5;
				GCC_OPTIMIZATION_LEVEL = 0;
				GCC_PRECOMPILE_PREFIX_HEADER = YES;
				GCC_PREFIX_HEADER = Retro_Player_Prefix.pch;
				INFOPLIST_FILE = "Retro_Player-Info.plist";
				INSTALL_PATH = "$(HOME)/Applications";
				PRODUCT_NAME = "Retro Player";
			};
			name = Debug;
		};
		C05733C908A9546B00998B17 /* Release */ = {
			isa = XCBuildConfiguration;
			buildSettings = {
				ALWAYS_SEARCH_USER_PATHS = NO;
				DEBUG_INFORMATION_FORMAT = "dwarf-with-dsym";
				GCC_MODEL_TUNING = G5;
				GCC_PRECOMPILE_PREFIX_HEADER = YES;
				GCC_PREFIX_HEADER = Retro_Player_Prefix.pch;
				INFOPLIST_FILE = "Retro_Player-Info.plist";
				INSTALL_PATH = "$(HOME)/Applications";
				PRODUCT_NAME = "Retro Player";
			};
			name = Release;
		};
		C05733CC08A9546B00998B17 /* Debug */ = {
			isa = XCBuildConfiguration;
			buildSettings = {
				ARCHS = "$(ARCHS_STANDARD_32_64_BIT)";
				GCC_C_LANGUAGE_STANDARD = gnu99;
				GCC_OPTIMIZATION_LEVEL = 0;
				GCC_TREAT_WARNINGS_AS_ERRORS = YES;
				GCC_WARN_ABOUT_RETURN_TYPE = YES;
				GCC_WARN_UNUSED_VARIABLE = YES;
				HEADER_SEARCH_PATHS = GameMusicEmu;
				ONLY_ACTIVE_ARCH = YES;
				PREBINDING = NO;
				SDKROOT = macosx10.6;
			};
			name = Debug;
		};
		C05733CD08A9546B00998B17 /* Release */ = {
			isa = XCBuildConfiguration;
			buildSettings = {
				ARCHS = "$(ARCHS_STANDARD_32_64_BIT)";
				GCC_C_LANGUAGE_STANDARD = gnu99;
				GCC_TREAT_WARNINGS_AS_ERRORS = YES;
				GCC_WARN_ABOUT_RETURN_TYPE = YES;
				GCC_WARN_UNUSED_VARIABLE = YES;
				HEADER_SEARCH_PATHS = GameMusicEmu;
				PREBINDING = NO;
				SDKROOT = macosx10.6;
			};
			name = Release;
		};
/* End XCBuildConfiguration section */

/* Begin XCConfigurationList section */
		558E23A21167AF2900771304 /* Build configuration list for PBXNativeTarget "UnitTests" */ = {
			isa = XCConfigurationList;
			buildConfigurations = (
				558E23A01167AF2900771304 /* Debug */,
				558E23A11167AF2900771304 /* Release */,
			);
			defaultConfigurationIsVisible = 0;
			defaultConfigurationName = Release;
		};
		C05733C708A9546B00998B17 /* Build configuration list for PBXNativeTarget "Retro Player" */ = {
			isa = XCConfigurationList;
			buildConfigurations = (
				C05733C808A9546B00998B17 /* Debug */,
				C05733C908A9546B00998B17 /* Release */,
			);
			defaultConfigurationIsVisible = 0;
			defaultConfigurationName = Release;
		};
		C05733CB08A9546B00998B17 /* Build configuration list for PBXProject "RetroPlayer" */ = {
			isa = XCConfigurationList;
			buildConfigurations = (
				C05733CC08A9546B00998B17 /* Debug */,
				C05733CD08A9546B00998B17 /* Release */,
			);
			defaultConfigurationIsVisible = 0;
			defaultConfigurationName = Release;
		};
/* End XCConfigurationList section */
	};
	rootObject = 2A37F4A9FDCFA73011CA2CEA /* Project object */;
}
